
Microsoft Visual Studio Solution File, Format Version 11.00
# Visual Studio 2010
Project("{FAE04EC0-301F-11D3-BF4B-00C04F79EFBC}") = "Miro", "Assembly-CSharp-firstpass.csproj", "{0AF0D060-BA3E-BA74-3F7C-CD8FB4078C96}"
EndProject
Project("{FAE04EC0-301F-11D3-BF4B-00C04F79EFBC}") = "Miro", "Assembly-CSharp.csproj", "{6746D21B-6545-7489-DEC4-42FEBD1B74CD}"
EndProject
Project("{FAE04EC0-301F-11D3-BF4B-00C04F79EFBC}") = "Miro", "Assembly-CSharp-Editor-firstpass.csproj", "{64FD39CD-FD07-F503-BF99-212E75562FAC}"
EndProject
Global
	GlobalSection(SolutionConfigurationPlatforms) = preSolution
		Debug|Any CPU = Debug|Any CPU
		Release|Any CPU = Release|Any CPU
	EndGlobalSection
	GlobalSection(ProjectConfigurationPlatforms) = postSolution
		{0AF0D060-BA3E-BA74-3F7C-CD8FB4078C96}.Debug|Any CPU.ActiveCfg = Debug|Any CPU
		{0AF0D060-BA3E-BA74-3F7C-CD8FB4078C96}.Debug|Any CPU.Build.0 = Debug|Any CPU
		{0AF0D060-BA3E-BA74-3F7C-CD8FB4078C96}.Release|Any CPU.ActiveCfg = Release|Any CPU
		{0AF0D060-BA3E-BA74-3F7C-CD8FB4078C96}.Release|Any CPU.Build.0 = Release|Any CPU
		{6746D21B-6545-7489-DEC4-42FEBD1B74CD}.Debug|Any CPU.ActiveCfg = Debug|Any CPU
		{6746D21B-6545-7489-DEC4-42FEBD1B74CD}.Debug|Any CPU.Build.0 = Debug|Any CPU
		{6746D21B-6545-7489-DEC4-42FEBD1B74CD}.Release|Any CPU.ActiveCfg = Release|Any CPU
		{6746D21B-6545-7489-DEC4-42FEBD1B74CD}.Release|Any CPU.Build.0 = Release|Any CPU
		{64FD39CD-FD07-F503-BF99-212E75562FAC}.Debug|Any CPU.ActiveCfg = Debug|Any CPU
		{64FD39CD-FD07-F503-BF99-212E75562FAC}.Debug|Any CPU.Build.0 = Debug|Any CPU
		{64FD39CD-FD07-F503-BF99-212E75562FAC}.Release|Any CPU.ActiveCfg = Release|Any CPU
		{64FD39CD-FD07-F503-BF99-212E75562FAC}.Release|Any CPU.Build.0 = Release|Any CPU
	EndGlobalSection
	GlobalSection(SolutionProperties) = preSolution
		HideSolutionNode = FALSE
	EndGlobalSection
	GlobalSection(MonoDevelopProperties) = preSolution
		StartupItem = Assembly-CSharp.csproj
	EndGlobalSection
EndGlobal
